
Microsoft Visual Studio Solution File, Format Version 12.00
# Visual Studio Version 16
VisualStudioVersion = 16.0.29613.14
MinimumVisualStudioVersion = 10.0.40219.1
Project("{9A19103F-16F7-4668-BE54-9A1E7A4F7556}") = "FennasCMS", ".\FennasCMS\FennasCMS.csproj", "{6A6FE19D-61BD-4E88-A75C-DBFDFE187BFC}"
EndProject
Project("{9A19103F-16F7-4668-BE54-9A1E7A4F7556}") = "FennasCMS.Web", ".\FennasCMS.Web\FennasCMS.Web.csproj", "{A55E1DBA-D8DD-403A-AF47-7ECA95724C40}"
EndProject
Global
	GlobalSection(SolutionConfigurationPlatforms) = preSolution
		Debug|Any CPU = Debug|Any CPU
		Release|Any CPU = Release|Any CPU
	EndGlobalSection
	GlobalSection(ProjectConfigurationPlatforms) = postSolution
		{6A6FE19D-61BD-4E88-A75C-DBFDFE187BFC}.Debug|Any CPU.ActiveCfg = Debug|Any CPU
		{6A6FE19D-61BD-4E88-A75C-DBFDFE187BFC}.Debug|Any CPU.Build.0 = Debug|Any CPU
		{6A6FE19D-61BD-4E88-A75C-DBFDFE187BFC}.Release|Any CPU.ActiveCfg = Release|Any CPU
		{6A6FE19D-61BD-4E88-A75C-DBFDFE187BFC}.Release|Any CPU.Build.0 = Release|Any CPU
		{A55E1DBA-D8DD-403A-AF47-7ECA95724C40}.Debug|Any CPU.ActiveCfg = Debug|Any CPU
		{A55E1DBA-D8DD-403A-AF47-7ECA95724C40}.Debug|Any CPU.Build.0 = Debug|Any CPU
		{A55E1DBA-D8DD-403A-AF47-7ECA95724C40}.Release|Any CPU.ActiveCfg = Release|Any CPU
		{A55E1DBA-D8DD-403A-AF47-7ECA95724C40}.Release|Any CPU.Build.0 = Release|Any CPU
	EndGlobalSection
	GlobalSection(SolutionProperties) = preSolution
		HideSolutionNode = FALSE
	EndGlobalSection
	GlobalSection(ExtensibilityGlobals) = postSolution
		SolutionGuid = {2891ECA1-9DE8-4183-B6DA-57355FB758FB}
	EndGlobalSection
EndGlobal
